
Microsoft Visual Studio Solution File, Format Version 12.00
# Visual Studio Version 17
VisualStudioVersion = 17.5.002.0
MinimumVisualStudioVersion = 10.0.40219.1
Project("{9A19103F-16F7-4668-BE54-9A1E7A4F7556}") = "API", "API.csproj", "{698CE21E-B334-43DA-B554-53F9A4152F8A}"
EndProject
Global
	GlobalSection(SolutionConfigurationPlatforms) = preSolution
		Debug|Any CPU = Debug|Any CPU
		Release|Any CPU = Release|Any CPU
	EndGlobalSection
	GlobalSection(ProjectConfigurationPlatforms) = postSolution
		{698CE21E-B334-43DA-B554-53F9A4152F8A}.Debug|Any CPU.ActiveCfg = Debug|Any CPU
		{698CE21E-B334-43DA-B554-53F9A4152F8A}.Debug|Any CPU.Build.0 = Debug|Any CPU
		{698CE21E-B334-43DA-B554-53F9A4152F8A}.Release|Any CPU.ActiveCfg = Release|Any CPU
		{698CE21E-B334-43DA-B554-53F9A4152F8A}.Release|Any CPU.Build.0 = Release|Any CPU
	EndGlobalSection
	GlobalSection(SolutionProperties) = preSolution
		HideSolutionNode = FALSE
	EndGlobalSection
	GlobalSection(ExtensibilityGlobals) = postSolution
		SolutionGuid = {36FE9BF5-A337-43B3-B256-E4DD3C03C8FE}
	EndGlobalSection
EndGlobal
